[[package]]
name = "betterproto"
version = "1.2.5"
description = "A better Protobuf / gRPC generator & library"
category = "main"
optional = false
python-versions = ">=3.6"

[package.dependencies]
grpclib = "*"
stringcase = "*"

[package.extras]
compiler = ["black", "jinja2", "protobuf"]

[[package]]
name = "grpclib"
version = "0.4.1"
description = "Pure-Python gRPC implementation for asyncio"
category = "main"
optional = false
python-versions = ">=3.6"

[package.dependencies]
h2 = ">=3.1.0,<5"
multidict = "*"

[[package]]
name = "h2"
version = "4.0.0"
description = "HTTP/2 State-Machine based protocol implementation"
category = "main"
optional = false
python-versions = ">=3.6.1"

[package.dependencies]
hpack = ">=4.0,<5"
hyperframe = ">=6.0,<7"

[[package]]
name = "hpack"
version = "4.0.0"
description = "Pure-Python HPACK header compression"
category = "main"
optional = false
python-versions = ">=3.6.1"

[[package]]
name = "hyperframe"
version = "6.0.0"
description = "HTTP/2 framing layer for Python"
category = "main"
optional = false
python-versions = ">=3.6.1"

[[package]]
name = "multidict"
version = "5.0.2"
description = "multidict implementation"
category = "main"
optional = false
python-versions = ">=3.5"

[[package]]
name = "python-dotenv"
version = "0.15.0"
description = "Add .env support to your django/flask apps in development and deployments"
category = "main"
optional = false
python-versions = "*"

[package.extras]
cli = ["click (>=5.0)"]

[[package]]
name = "python-seabird"
version = "0.1.0"
description = ""
category = "main"
optional = false
python-versions = ">=3.6,<4.0"

[package.dependencies]
betterproto = ">=1.2.5,<2.0.0"
grpclib = ">=0.4.1,<0.5.0"

[[package]]
name = "stringcase"
version = "1.2.0"
description = "String case converter."
category = "main"
optional = false
python-versions = "*"

[metadata]
lock-version = "1.1"
python-versions = "^3.9"
content-hash = "d8f4590ef8671b98241147a24bfc9dc2541ec42312916b0f73ad0fd2b1a9e98c"

[metadata.files]
betterproto = [
    {file = "betterproto-1.2.5.tar.gz", hash = "sha256:74a3ab34646054f674d236d1229ba8182dc2eae86feb249b8590ef496ce9803d"},
]
grpclib = [
    {file = "grpclib-0.4.1.tar.gz", hash = "sha256:8c0021cd038634c268249e4cd168d9f3570e66ceceec1c9416094b788ebc8372"},
]
h2 = [
    {file = "h2-4.0.0-py3-none-any.whl", hash = "sha256:ac9e293a1990b339d5d71b19c5fe630e3dd4d768c620d1730d355485323f1b25"},
    {file = "h2-4.0.0.tar.gz", hash = "sha256:bb7ac7099dd67a857ed52c815a6192b6b1f5ba6b516237fc24a085341340593d"},
]
hpack = [
    {file = "hpack-4.0.0-py3-none-any.whl", hash = "sha256:84a076fad3dc9a9f8063ccb8041ef100867b1878b25ef0ee63847a5d53818a6c"},
    {file = "hpack-4.0.0.tar.gz", hash = "sha256:fc41de0c63e687ebffde81187a948221294896f6bdc0ae2312708df339430095"},
]
hyperframe = [
    {file = "hyperframe-6.0.0-py3-none-any.whl", hash = "sha256:a51026b1591cac726fc3d0b7994fbc7dc5efab861ef38503face2930fd7b2d34"},
    {file = "hyperframe-6.0.0.tar.gz", hash = "sha256:742d2a4bc3152a340a49d59f32e33ec420aa8e7054c1444ef5c7efff255842f1"},
]
multidict = [
    {file = "multidict-5.0.2-cp36-cp36m-macosx_10_14_x86_64.whl", hash = "sha256:b82400ef848bbac6b9035a105ac6acaa1fb3eea0d164e35bbb21619b88e49fed"},
    {file = "multidict-5.0.2-cp36-cp36m-manylinux1_i686.whl", hash = "sha256:b98af08d7bb37d3456a22f689819ea793e8d6961b9629322d7728c4039071641"},
    {file = "multidict-5.0.2-cp36-cp36m-manylinux2014_aarch64.whl", hash = "sha256:d4a6fb98e9e9be3f7d70fd3e852369c00a027bd5ed0f3e8ade3821bcad257408"},
    {file = "multidict-5.0.2-cp36-cp36m-manylinux2014_i686.whl", hash = "sha256:2ab9cad4c5ef5c41e1123ed1f89f555aabefb9391d4e01fd6182de970b7267ed"},
    {file = "multidict-5.0.2-cp36-cp36m-manylinux2014_ppc64le.whl", hash = "sha256:62abab8088704121297d39c8f47156cb8fab1da731f513e59ba73946b22cf3d0"},
    {file = "multidict-5.0.2-cp36-cp36m-manylinux2014_s390x.whl", hash = "sha256:59182e975b8c197d0146a003d0f0d5dc5487ce4899502061d8df585b0f51fba2"},
    {file = "multidict-5.0.2-cp36-cp36m-manylinux2014_x86_64.whl", hash = "sha256:76cbdb22f48de64811f9ce1dd4dee09665f84f32d6a26de249a50c1e90e244e0"},
    {file = "multidict-5.0.2-cp36-cp36m-win32.whl", hash = "sha256:653b2bbb0bbf282c37279dd04f429947ac92713049e1efc615f68d4e64b1dbc2"},
    {file = "multidict-5.0.2-cp36-cp36m-win_amd64.whl", hash = "sha256:c58e53e1c73109fdf4b759db9f2939325f510a8a5215135330fe6755921e4886"},
    {file = "multidict-5.0.2-cp37-cp37m-macosx_10_14_x86_64.whl", hash = "sha256:359ea00e1b53ceef282232308da9d9a3f60d645868a97f64df19485c7f9ef628"},
    {file = "multidict-5.0.2-cp37-cp37m-manylinux1_i686.whl", hash = "sha256:b561e76c9e21402d9a446cdae13398f9942388b9bff529f32dfa46220af54d00"},
    {file = "multidict-5.0.2-cp37-cp37m-manylinux2014_aarch64.whl", hash = "sha256:9380b3f2b00b23a4106ba9dd022df3e6e2e84e1788acdbdd27603b621b3288df"},
    {file = "multidict-5.0.2-cp37-cp37m-manylinux2014_i686.whl", hash = "sha256:1cd102057b09223b919f9447c669cf2efabeefb42a42ae6233f25ffd7ee31a79"},
    {file = "multidict-5.0.2-cp37-cp37m-manylinux2014_ppc64le.whl", hash = "sha256:d99da85d6890267292065e654a329e1d2f483a5d2485e347383800e616a8c0b1"},
    {file = "multidict-5.0.2-cp37-cp37m-manylinux2014_s390x.whl", hash = "sha256:f612e8ef8408391a4a3366e3508bab8ef97b063b4918a317cb6e6de4415f01af"},
    {file = "multidict-5.0.2-cp37-cp37m-manylinux2014_x86_64.whl", hash = "sha256:6128d2c0956fd60e39ec7d1c8f79426f0c915d36458df59ddd1f0cff0340305f"},
    {file = "multidict-5.0.2-cp37-cp37m-win32.whl", hash = "sha256:9ed9b280f7778ad6f71826b38a73c2fdca4077817c64bc1102fdada58e75c03c"},
    {file = "multidict-5.0.2-cp37-cp37m-win_amd64.whl", hash = "sha256:f65a2442c113afde52fb09f9a6276bbc31da71add99dc76c3adf6083234e07c6"},
    {file = "multidict-5.0.2-cp38-cp38-macosx_10_14_x86_64.whl", hash = "sha256:2576e30bbec004e863d87216bc34abe24962cc2e964613241a1c01c7681092ab"},
    {file = "multidict-5.0.2-cp38-cp38-manylinux1_i686.whl", hash = "sha256:20cc9b2dd31761990abff7d0e63cd14dbfca4ebb52a77afc917b603473951a38"},
    {file = "multidict-5.0.2-cp38-cp38-manylinux2014_aarch64.whl", hash = "sha256:6566749cd78cb37cbf8e8171b5cd2cbfc03c99f0891de12255cf17a11c07b1a3"},
    {file = "multidict-5.0.2-cp38-cp38-manylinux2014_i686.whl", hash = "sha256:6168839491a533fa75f3f5d48acbb829475e6c7d9fa5c6e245153b5f79b986a3"},
    {file = "multidict-5.0.2-cp38-cp38-manylinux2014_ppc64le.whl", hash = "sha256:e58db0e0d60029915f7fc95a8683fa815e204f2e1990f1fb46a7778d57ca8c35"},
    {file = "multidict-5.0.2-cp38-cp38-manylinux2014_s390x.whl", hash = "sha256:8fa4549f341a057feec4c3139056ba73e17ed03a506469f447797a51f85081b5"},
    {file = "multidict-5.0.2-cp38-cp38-manylinux2014_x86_64.whl", hash = "sha256:06f39f0ddc308dab4e5fa282d145f90cd38d7ed75390fc83335636909a9ec191"},
    {file = "multidict-5.0.2-cp38-cp38-win32.whl", hash = "sha256:8efcf070d60fd497db771429b1c769a3783e3a0dd96c78c027e676990176adc5"},
    {file = "multidict-5.0.2-cp38-cp38-win_amd64.whl", hash = "sha256:060d68ae3e674c913ec41a464916f12c4d7ff17a3a9ebbf37ba7f2c681c2b33e"},
    {file = "multidict-5.0.2-cp39-cp39-macosx_10_14_x86_64.whl", hash = "sha256:4a3f19da871befa53b48dd81ee48542f519beffa13090dc135fffc18d8fe36db"},
    {file = "multidict-5.0.2-cp39-cp39-manylinux1_i686.whl", hash = "sha256:af271c2540d1cd2a137bef8d95a8052230aa1cda26dd3b2c73d858d89993d518"},
    {file = "multidict-5.0.2-cp39-cp39-manylinux2014_aarch64.whl", hash = "sha256:3e61cc244fd30bd9fdfae13bdd0c5ec65da51a86575ff1191255cae677045ffe"},
    {file = "multidict-5.0.2-cp39-cp39-manylinux2014_i686.whl", hash = "sha256:4df708ef412fd9b59b7e6c77857e64c1f6b4c0116b751cb399384ec9a28baa66"},
    {file = "multidict-5.0.2-cp39-cp39-manylinux2014_ppc64le.whl", hash = "sha256:cbabfc12b401d074298bfda099c58dfa5348415ae2e4ec841290627cb7cb6b2e"},
    {file = "multidict-5.0.2-cp39-cp39-manylinux2014_s390x.whl", hash = "sha256:43c7a87d8c31913311a1ab24b138254a0ee89142983b327a2c2eab7a7d10fea9"},
    {file = "multidict-5.0.2-cp39-cp39-manylinux2014_x86_64.whl", hash = "sha256:fa0503947a99a1be94f799fac89d67a5e20c333e78ddae16e8534b151cdc588a"},
    {file = "multidict-5.0.2-cp39-cp39-win32.whl", hash = "sha256:17847fede1aafdb7e74e01bb34ab47a1a1ea726e8184c623c45d7e428d2d5d34"},
    {file = "multidict-5.0.2-cp39-cp39-win_amd64.whl", hash = "sha256:a7b8b5bd16376c8ac2977748bd978a200326af5145d8d0e7f799e2b355d425b6"},
    {file = "multidict-5.0.2.tar.gz", hash = "sha256:e5bf89fe57f702a046c7ec718fe330ed50efd4bcf74722940db2eb0919cddb1c"},
]
python-dotenv = [
    {file = "python-dotenv-0.15.0.tar.gz", hash = "sha256:587825ed60b1711daea4832cf37524dfd404325b7db5e25ebe88c495c9f807a0"},
    {file = "python_dotenv-0.15.0-py2.py3-none-any.whl", hash = "sha256:0c8d1b80d1a1e91717ea7d526178e3882732420b03f08afea0406db6402e220e"},
]
python-seabird = [
    {file = "python-seabird-0.1.0.tar.gz", hash = "sha256:d9ad4eb57724b2458ff76459e9bbc32f87d355e0be583865410d16da185020c3"},
    {file = "python_seabird-0.1.0-py3-none-any.whl", hash = "sha256:c3077d74f218f11de9b42c7427beb061e6f4592db754381772f83286cba31bf2"},
]
stringcase = [
    {file = "stringcase-1.2.0.tar.gz", hash = "sha256:48a06980661908efe8d9d34eab2b6c13aefa2163b3ced26972902e3bdfd87008"},
]
